
Microsoft Visual Studio Solution File, Format Version 12.00
# Visual Studio 14
VisualStudioVersion = 14.0.23107.0
MinimumVisualStudioVersion = 10.0.40219.1
Project("{FAE04EC0-301F-11D3-BF4B-00C04F79EFBC}") = "Gorilla.Storage", "Gorilla.Storage.csproj", "{1AE38BE9-CD22-40DF-B1FC-F420FDDCE451}"
EndProject
Project("{FAE04EC0-301F-11D3-BF4B-00C04F79EFBC}") = "Gorilla.Wistia", "..\gorilla.wistia\Gorilla.Wistia.csproj", "{C48741FC-5359-4B5E-B70B-548AEC869BED}"
EndProject
Global
	GlobalSection(SolutionConfigurationPlatforms) = preSolution
		Debug|Any CPU = Debug|Any CPU
		Release|Any CPU = Release|Any CPU
	EndGlobalSection
	GlobalSection(ProjectConfigurationPlatforms) = postSolution
		{1AE38BE9-CD22-40DF-B1FC-F420FDDCE451}.Debug|Any CPU.ActiveCfg = Debug|Any CPU
		{1AE38BE9-CD22-40DF-B1FC-F420FDDCE451}.Debug|Any CPU.Build.0 = Debug|Any CPU
		{1AE38BE9-CD22-40DF-B1FC-F420FDDCE451}.Release|Any CPU.ActiveCfg = Release|Any CPU
		{1AE38BE9-CD22-40DF-B1FC-F420FDDCE451}.Release|Any CPU.Build.0 = Release|Any CPU
		{C48741FC-5359-4B5E-B70B-548AEC869BED}.Debug|Any CPU.ActiveCfg = Debug|Any CPU
		{C48741FC-5359-4B5E-B70B-548AEC869BED}.Debug|Any CPU.Build.0 = Debug|Any CPU
		{C48741FC-5359-4B5E-B70B-548AEC869BED}.Release|Any CPU.ActiveCfg = Release|Any CPU
		{C48741FC-5359-4B5E-B70B-548AEC869BED}.Release|Any CPU.Build.0 = Release|Any CPU
	EndGlobalSection
	GlobalSection(SolutionProperties) = preSolution
		HideSolutionNode = FALSE
	EndGlobalSection
EndGlobal
